
Microsoft Visual Studio Solution File, Format Version 12.00
# Visual Studio Version 17
VisualStudioVersion = 17.9.34701.34
MinimumVisualStudioVersion = 10.0.40219.1
Project("{9A19103F-16F7-4668-BE54-9A1E7A4F7556}") = "BE_SWP391_OnDemandTutor.DataAccess", "BE_SWP391_OnDemandTutor.DataAccess\BE_SWP391_OnDemandTutor.DataAccess.csproj", "{EC0F4DE7-661E-4504-B557-5CD7E16AC298}"
EndProject
Project("{FAE04EC0-301F-11D3-BF4B-00C04F79EFBC}") = "BE_SWP391_OnDemandTutor.API", "BE_SWP391_OnDemandTutor.API\BE_SWP391_OnDemandTutor.API.csproj", "{514E3F65-2BD8-4639-9A26-6B2874B8A89E}"
EndProject
Project("{FAE04EC0-301F-11D3-BF4B-00C04F79EFBC}") = "BE_SWP391_OnDemandTutor.BusinessLogic", "BE_SWP391_OnDemandTutor.BusinessLogic\BE_SWP391_OnDemandTutor.BusinessLogic.csproj", "{0AD42D95-D060-400B-A8FF-25A729AA63A8}"
EndProject
Project("{FAE04EC0-301F-11D3-BF4B-00C04F79EFBC}") = "BE_SWP391_OnDemandTutor.Common", "BE_SWP391_OnDemandTutor.Common\BE_SWP391_OnDemandTutor.Common.csproj", "{78FED138-FEF8-4483-A411-0368CBD0E3B4}"
EndProject
Project("{E53339B2-1760-4266-BCC7-CA923CBCF16C}") = "docker-compose", "docker-compose.dcproj", "{5A4ADE72-A252-4EB2-893B-41727FE2F1D7}"
EndProject
Global
	GlobalSection(SolutionConfigurationPlatforms) = preSolution
		Debug|Any CPU = Debug|Any CPU
		Release|Any CPU = Release|Any CPU
	EndGlobalSection
	GlobalSection(ProjectConfigurationPlatforms) = postSolution
		{EC0F4DE7-661E-4504-B557-5CD7E16AC298}.Debug|Any CPU.ActiveCfg = Debug|Any CPU
		{EC0F4DE7-661E-4504-B557-5CD7E16AC298}.Debug|Any CPU.Build.0 = Debug|Any CPU
		{EC0F4DE7-661E-4504-B557-5CD7E16AC298}.Release|Any CPU.ActiveCfg = Release|Any CPU
		{EC0F4DE7-661E-4504-B557-5CD7E16AC298}.Release|Any CPU.Build.0 = Release|Any CPU
		{514E3F65-2BD8-4639-9A26-6B2874B8A89E}.Debug|Any CPU.ActiveCfg = Debug|Any CPU
		{514E3F65-2BD8-4639-9A26-6B2874B8A89E}.Debug|Any CPU.Build.0 = Debug|Any CPU
		{514E3F65-2BD8-4639-9A26-6B2874B8A89E}.Release|Any CPU.ActiveCfg = Release|Any CPU
		{514E3F65-2BD8-4639-9A26-6B2874B8A89E}.Release|Any CPU.Build.0 = Release|Any CPU
		{0AD42D95-D060-400B-A8FF-25A729AA63A8}.Debug|Any CPU.ActiveCfg = Debug|Any CPU
		{0AD42D95-D060-400B-A8FF-25A729AA63A8}.Debug|Any CPU.Build.0 = Debug|Any CPU
		{0AD42D95-D060-400B-A8FF-25A729AA63A8}.Release|Any CPU.ActiveCfg = Release|Any CPU
		{0AD42D95-D060-400B-A8FF-25A729AA63A8}.Release|Any CPU.Build.0 = Release|Any CPU
		{78FED138-FEF8-4483-A411-0368CBD0E3B4}.Debug|Any CPU.ActiveCfg = Debug|Any CPU
		{78FED138-FEF8-4483-A411-0368CBD0E3B4}.Debug|Any CPU.Build.0 = Debug|Any CPU
		{78FED138-FEF8-4483-A411-0368CBD0E3B4}.Release|Any CPU.ActiveCfg = Release|Any CPU
		{78FED138-FEF8-4483-A411-0368CBD0E3B4}.Release|Any CPU.Build.0 = Release|Any CPU
		{5A4ADE72-A252-4EB2-893B-41727FE2F1D7}.Debug|Any CPU.ActiveCfg = Debug|Any CPU
		{5A4ADE72-A252-4EB2-893B-41727FE2F1D7}.Debug|Any CPU.Build.0 = Debug|Any CPU
		{5A4ADE72-A252-4EB2-893B-41727FE2F1D7}.Release|Any CPU.ActiveCfg = Release|Any CPU
		{5A4ADE72-A252-4EB2-893B-41727FE2F1D7}.Release|Any CPU.Build.0 = Release|Any CPU
	EndGlobalSection
	GlobalSection(SolutionProperties) = preSolution
		HideSolutionNode = FALSE
	EndGlobalSection
	GlobalSection(ExtensibilityGlobals) = postSolution
		SolutionGuid = {C77B920A-A047-40A9-9525-1BC60A09E56D}
	EndGlobalSection
EndGlobal
